{
  "name": "@mentoc/utils",
  "version": "1.0.1",
  "lockfileVersion": 2,
  "requires": true,
  "packages": {
    "": {
      "name": "@mentoc/utils",
      "version": "1.0.1",
      "license": "GPL-3.0-or-later",
      "dependencies": {
        "@mentoc/xtract": "^1.0.3"
      }
    },
    "node_modules/@mentoc/xtract": {
      "version": "1.0.3",
      "resolved": "https://registry.npmjs.org/@mentoc/xtract/-/xtract-1.0.3.tgz",
      "integrity": "sha512-0Fcz116CLucafGiXFhovFVo3QH+e7Cerxg5g6GBhmgARUfskF+q7dt6Izab0LdbgAe35ju0HJk9tA7bq0bf9bQ=="
    }
  },
  "dependencies": {
    "@mentoc/xtract": {
      "version": "1.0.3",
      "resolved": "https://registry.npmjs.org/@mentoc/xtract/-/xtract-1.0.3.tgz",
      "integrity": "sha512-0Fcz116CLucafGiXFhovFVo3QH+e7Cerxg5g6GBhmgARUfskF+q7dt6Izab0LdbgAe35ju0HJk9tA7bq0bf9bQ=="
    }
  }
}
